// !$*UTF8*$!
{
	archiveVersion = 1;
	classes = {
	};
	objectVersion = 50;
	objects = {

/* Begin PBXBuildFile section */
		454C586C21216F2E008E2F2A /* AppDelegate.swift in Sources */ = {isa = PBXBuildFile; fileRef = 454C586B21216F2E008E2F2A /* AppDelegate.swift */; };
		454C586E21216F2E008E2F2A /* ViewController.swift in Sources */ = {isa = PBXBuildFile; fileRef = 454C586D21216F2E008E2F2A /* ViewController.swift */; };
		454C587121216F2E008E2F2A /* Main.storyboard in Resources */ = {isa = PBXBuildFile; fileRef = 454C586F21216F2E008E2F2A /* Main.storyboard */; };
		454C587321216F30008E2F2A /* Assets.xcassets in Resources */ = {isa = PBXBuildFile; fileRef = 454C587221216F30008E2F2A /* Assets.xcassets */; };
		454C587621216F30008E2F2A /* LaunchScreen.storyboard in Resources */ = {isa = PBXBuildFile; fileRef = 454C587421216F30008E2F2A /* LaunchScreen.storyboard */; };
		454C587F212174EC008E2F2A /* demoVC.swift in Sources */ = {isa = PBXBuildFile; fileRef = 454C587D212174EC008E2F2A /* demoVC.swift */; };
		454C5880212174EC008E2F2A /* demoVC.xib in Resources */ = {isa = PBXBuildFile; fileRef = 454C587E212174EC008E2F2A /* demoVC.xib */; };
/* End PBXBuildFile section */

/* Begin PBXFileReference section */
		454C586821216F2E008E2F2A /* DemoGit.app */ = {isa = PBXFileReference; explicitFileType = wrapper.application; includeInIndex = 0; path = DemoGit.app; sourceTree = BUILT_PRODUCTS_DIR; };
		454C586B21216F2E008E2F2A /* AppDelegate.swift */ = {isa = PBXFileReference; lastKnownFileType = sourcecode.swift; path = AppDelegate.swift; sourceTree = "<group>"; };
		454C586D21216F2E008E2F2A /* ViewController.swift */ = {isa = PBXFileReference; lastKnownFileType = sourcecode.swift; path = ViewController.swift; sourceTree = "<group>"; };
		454C587021216F2E008E2F2A /* Base */ = {isa = PBXFileReference; lastKnownFileType = file.storyboard; name = Base; path = Base.lproj/Main.storyboard; sourceTree = "<group>"; };
		454C587221216F30008E2F2A /* Assets.xcassets */ = {isa = PBXFileReference; lastKnownFileType = folder.assetcatalog; path = Assets.xcassets; sourceTree = "<group>"; };
		454C587521216F30008E2F2A /* Base */ = {isa = PBXFileReference; lastKnownFileType = file.storyboard; name = Base; path = Base.lproj/LaunchScreen.storyboard; sourceTree = "<group>"; };
		454C587721216F30008E2F2A /* Info.plist */ = {isa = PBXFileReference; lastKnownFileType = text.plist.xml; path = Info.plist; sourceTree = "<group>"; };
		454C587D212174EC008E2F2A /* demoVC.swift */ = {isa = PBXFileReference; lastKnownFileType = sourcecode.swift; path = demoVC.swift; sourceTree = "<group>"; };
		454C587E212174EC008E2F2A /* demoVC.xib */ = {isa = PBXFileReference; lastKnownFileType = file.xib; path = demoVC.xib; sourceTree = "<group>"; };
/* End PBXFileReference section */

/* Begin PBXFrameworksBuildPhase section */
		454C586521216F2E008E2F2A /* Frameworks */ = {
			isa = PBXFrameworksBuildPhase;
			buildActionMask = 2147483647;
			files = (
			);
			runOnlyForDeploymentPostprocessing = 0;
		};
/* End PBXFrameworksBuildPhase section */

/* Begin PBXGroup section */
		454C585F21216F2E008E2F2A = {
			isa = PBXGroup;
			children = (
				454C586A21216F2E008E2F2A /* DemoGit */,
				454C586921216F2E008E2F2A /* Products */,
			);
			sourceTree = "<group>";
		};
		454C586921216F2E008E2F2A /* Products */ = {
			isa = PBXGroup;
			children = (
				454C586821216F2E008E2F2A /* DemoGit.app */,
			);
			name = Products;
			sourceTree = "<group>";
		};
		454C586A21216F2E008E2F2A /* DemoGit */ = {
			isa = PBXGroup;
			children = (
				454C586B21216F2E008E2F2A /* AppDelegate.swift */,
				454C586D21216F2E008E2F2A /* ViewController.swift */,
				454C587D212174EC008E2F2A /* demoVC.swift */,
				454C587E212174EC008E2F2A /* demoVC.xib */,
				454C586F21216F2E008E2F2A /* Main.storyboard */,
				454C587221216F30008E2F2A /* Assets.xcassets */,
				454C587421216F30008E2F2A /* LaunchScreen.storyboard */,
				454C587721216F30008E2F2A /* Info.plist */,
			);
			path = DemoGit;
			sourceTree = "<group>";
		};
/* End PBXGroup section */

/* Begin PBXNativeTarget section */
		454C586721216F2E008E2F2A /* DemoGit */ = {
			isa = PBXNativeTarget;
			buildConfigurationList = 454C587A21216F30008E2F2A /* Build configuration list for PBXNativeTarget "DemoGit" */;
			buildPhases = (
				454C586421216F2E008E2F2A /* Sources */,
				454C586521216F2E008E2F2A /* Frameworks */,
				454C586621216F2E008E2F2A /* Resources */,
			);
			buildRules = (
			);
			dependencies = (
			);
			name = DemoGit;
			productName = DemoGit;
			productReference = 454C586821216F2E008E2F2A /* DemoGit.app */;
			productType = "com.apple.product-type.application";
		};
/* End PBXNativeTarget section */

/* Begin PBXProject section */
		454C586021216F2E008E2F2A /* Project object */ = {
			isa = PBXProject;
			attributes = {
				LastSwiftUpdateCheck = 0940;
				LastUpgradeCheck = 0940;
				ORGANIZATIONNAME = betsy;
				TargetAttributes = {
					454C586721216F2E008E2F2A = {
						CreatedOnToolsVersion = 9.4.1;
					};
				};
			};
			buildConfigurationList = 454C586321216F2E008E2F2A /* Build configuration list for PBXProject "DemoGit" */;
			compatibilityVersion = "Xcode 9.3";
			developmentRegion = en;
			hasScannedForEncodings = 0;
			knownRegions = (
				en,
				Base,
			);
			mainGroup = 454C585F21216F2E008E2F2A;
			productRefGroup = 454C586921216F2E008E2F2A /* Products */;
			projectDirPath = "";
			projectRoot = "";
			targets = (
				454C586721216F2E008E2F2A /* DemoGit */,
			);
		};
/* End PBXProject section */

/* Begin PBXResourcesBuildPhase section */
		454C586621216F2E008E2F2A /* Resources */ = {
			isa = PBXResourcesBuildPhase;
			buildActionMask = 2147483647;
			files = (
				454C587621216F30008E2F2A /* LaunchScreen.storyboard in Resources */,
				454C5880212174EC008E2F2A /* demoVC.xib in Resources */,
				454C587321216F30008E2F2A /* Assets.xcassets in Resources */,
				454C587121216F2E008E2F2A /* Main.storyboard in Resources */,
			);
			runOnlyForDeploymentPostprocessing = 0;
		};
/* End PBXResourcesBuildPhase section */

/* Begin PBXSourcesBuildPhase section */
		454C586421216F2E008E2F2A /* Sources */ = {
			isa = PBXSourcesBuildPhase;
			buildActionMask = 2147483647;
			files = (
				454C586E21216F2E008E2F2A /* ViewController.swift in Sources */,
				454C586C21216F2E008E2F2A /* AppDelegate.swift in Sources */,
				454C587F212174EC008E2F2A /* demoVC.swift in Sources */,
			);
			runOnlyForDeploymentPostprocessing = 0;
		};
/* End PBXSourcesBuildPhase section */

/* Begin PBXVariantGroup section */
		454C586F21216F2E008E2F2A /* Main.storyboard */ = {
			isa = PBXVariantGroup;
			children = (
				454C587021216F2E008E2F2A /* Base */,
			);
			name = Main.storyboard;
			sourceTree = "<group>";
		};
		454C587421216F30008E2F2A /* LaunchScreen.storyboard */ = {
			isa = PBXVariantGroup;
			children = (
				454C587521216F30008E2F2A /* Base */,
			);
			name = LaunchScreen.storyboard;
			sourceTree = "<group>";
		};
/* End PBXVariantGroup section */

/* Begin XCBuildConfiguration section */
		454C587821216F30008E2F2A /* Debug */ = {
			isa = XCBuildConfiguration;
			buildSettings = {
				ALWAYS_SEARCH_USER_PATHS = NO;
				CLANG_ANALYZER_NONNULL = YES;
				CLANG_ANALYZER_NUMBER_OBJECT_CONVERSION = YES_AGGRESSIVE;
				CLANG_CXX_LANGUAGE_STANDARD = "gnu++14";
				CLANG_CXX_LIBRARY = "libc++";
				CLANG_ENABLE_MODULES = YES;
				CLANG_ENABLE_OBJC_ARC = YES;
				CLANG_ENABLE_OBJC_WEAK = YES;
				CLANG_WARN_BLOCK_CAPTURE_AUTORELEASING = YES;
				CLANG_WARN_BOOL_CONVERSION = YES;
				CLANG_WARN_COMMA = YES;
				CLANG_WARN_CONSTANT_CONVERSION = YES;
				CLANG_WARN_DEPRECATED_OBJC_IMPLEMENTATIONS = YES;
				CLANG_WARN_DIRECT_OBJC_ISA_USAGE = YES_ERROR;
				CLANG_WARN_DOCUMENTATION_COMMENTS = YES;
				CLANG_WARN_EMPTY_BODY = YES;
				CLANG_WARN_ENUM_CONVERSION = YES;
				CLANG_WARN_INFINITE_RECURSION = YES;
				CLANG_WARN_INT_CONVERSION = YES;
				CLANG_WARN_NON_LITERAL_NULL_CONVERSION = YES;
				CLANG_WARN_OBJC_IMPLICIT_RETAIN_SELF = YES;
				CLANG_WARN_OBJC_LITERAL_CONVERSION = YES;
				CLANG_WARN_OBJC_ROOT_CLASS = YES_ERROR;
				CLANG_WARN_RANGE_LOOP_ANALYSIS = YES;
				CLANG_WARN_STRICT_PROTOTYPES = YES;
				CLANG_WARN_SUSPICIOUS_MOVE = YES;
				CLANG_WARN_UNGUARDED_AVAILABILITY = YES_AGGRESSIVE;
				CLANG_WARN_UNREACHABLE_CODE = YES;
				CLANG_WARN__DUPLICATE_METHOD_MATCH = YES;
				CODE_SIGN_IDENTITY = "iPhone Developer";
				COPY_PHASE_STRIP = NO;
				DEBUG_INFORMATION_FORMAT = dwarf;
				ENABLE_STRICT_OBJC_MSGSEND = YES;
				ENABLE_TESTABILITY = YES;
				GCC_C_LANGUAGE_STANDARD = gnu11;
				GCC_DYNAMIC_NO_PIC = NO;
				GCC_NO_COMMON_BLOCKS = YES;
				GCC_OPTIMIZATION_LEVEL = 0;
				GCC_PREPROCESSOR_DEFINITIONS = (
					"DEBUG=1",
					"$(inherited)",
				);
				GCC_WARN_64_TO_32_BIT_CONVERSION = YES;
				GCC_WARN_ABOUT_RETURN_TYPE = YES_ERROR;
				GCC_WARN_UNDECLARED_SELECTOR = YES;
				GCC_WARN_UNINITIALIZED_AUTOS = YES_AGGRESSIVE;
				GCC_WARN_UNUSED_FUNCTION = YES;
				GCC_WARN_UNUSED_VARIABLE = YES;
				IPHONEOS_DEPLOYMENT_TARGET = 11.4;
				MTL_ENABLE_DEBUG_INFO = YES;
				ONLY_ACTIVE_ARCH = YES;
				SDKROOT = iphoneos;
				SWIFT_ACTIVE_COMPILATION_CONDITIONS = DEBUG;
				SWIFT_OPTIMIZATION_LEVEL = "-Onone";
			};
			name = Debug;
		};
		454C587921216F30008E2F2A /* Release */ = {
			isa = XCBuildConfiguration;
			buildSettings = {
				ALWAYS_SEARCH_USER_PATHS = NO;
				CLANG_ANALYZER_NONNULL = YES;
				CLANG_ANALYZER_NUMBER_OBJECT_CONVERSION = YES_AGGRESSIVE;
				CLANG_CXX_LANGUAGE_STANDARD = "gnu++14";
				CLANG_CXX_LIBRARY = "libc++";
				CLANG_ENABLE_MODULES = YES;
				CLANG_ENABLE_OBJC_ARC = YES;
				CLANG_ENABLE_OBJC_WEAK = YES;
				CLANG_WARN_BLOCK_CAPTURE_AUTORELEASING = YES;
				CLANG_WARN_BOOL_CONVERSION = YES;
				CLANG_WARN_COMMA = YES;
				CLANG_WARN_CONSTANT_CONVERSION = YES;
				CLANG_WARN_DEPRECATED_OBJC_IMPLEMENTATIONS = YES;
				CLANG_WARN_DIRECT_OBJC_ISA_USAGE = YES_ERROR;
				CLANG_WARN_DOCUMENTATION_COMMENTS = YES;
				CLANG_WARN_EMPTY_BODY = YES;
				CLANG_WARN_ENUM_CONVERSION = YES;
				CLANG_WARN_INFINITE_RECURSION = YES;
				CLANG_WARN_INT_CONVERSION = YES;
				CLANG_WARN_NON_LITERAL_NULL_CONVERSION = YES;
				CLANG_WARN_OBJC_IMPLICIT_RETAIN_SELF = YES;
				CLANG_WARN_OBJC_LITERAL_CONVERSION = YES;
				CLANG_WARN_OBJC_ROOT_CLASS = YES_ERROR;
				CLANG_WARN_RANGE_LOOP_ANALYSIS = YES;
				CLANG_WARN_STRICT_PROTOTYPES = YES;
				CLANG_WARN_SUSPICIOUS_MOVE = YES;
				CLANG_WARN_UNGUARDED_AVAILABILITY = YES_AGGRESSIVE;
				CLANG_WARN_UNREACHABLE_CODE = YES;
				CLANG_WARN__DUPLICATE_METHOD_MATCH = YES;
				CODE_SIGN_IDENTITY = "iPhone Developer";
				COPY_PHASE_STRIP = NO;
				DEBUG_INFORMATION_FORMAT = "dwarf-with-dsym";
				ENABLE_NS_ASSERTIONS = NO;
				ENABLE_STRICT_OBJC_MSGSEND = YES;
				GCC_C_LANGUAGE_STANDARD = gnu11;
				GCC_NO_COMMON_BLOCKS = YES;
				GCC_WARN_64_TO_32_BIT_CONVERSION = YES;
				GCC_WARN_ABOUT_RETURN_TYPE = YES_ERROR;
				GCC_WARN_UNDECLARED_SELECTOR = YES;
				GCC_WARN_UNINITIALIZED_AUTOS = YES_AGGRESSIVE;
				GCC_WARN_UNUSED_FUNCTION = YES;
				GCC_WARN_UNUSED_VARIABLE = YES;
				IPHONEOS_DEPLOYMENT_TARGET = 11.4;
				MTL_ENABLE_DEBUG_INFO = NO;
				SDKROOT = iphoneos;
				SWIFT_COMPILATION_MODE = wholemodule;
				SWIFT_OPTIMIZATION_LEVEL = "-O";
				VALIDATE_PRODUCT = YES;
			};
			name = Release;
		};
		454C587B21216F30008E2F2A /* Debug */ = {
			isa = XCBuildConfiguration;
			buildSettings = {
				ASSETCATALOG_COMPILER_APPICON_NAME = AppIcon;
				CODE_SIGN_STYLE = Automatic;
				DEVELOPMENT_TEAM = X2KG7JA423;
				INFOPLIST_FILE = DemoGit/Info.plist;
				LD_RUNPATH_SEARCH_PATHS = (
					"$(inherited)",
					"@executable_path/Frameworks",
				);
				PRODUCT_BUNDLE_IDENTIFIER = com.bzy.DemoGit;
				PRODUCT_NAME = "$(TARGET_NAME)";
				SWIFT_VERSION = 4.0;
				TARGETED_DEVICE_FAMILY = "1,2";
			};
			name = Debug;
		};
		454C587C21216F30008E2F2A /* Release */ = {
			isa = XCBuildConfiguration;
			buildSettings = {
				ASSETCATALOG_COMPILER_APPICON_NAME = AppIcon;
				CODE_SIGN_STYLE = Automatic;
				DEVELOPMENT_TEAM = X2KG7JA423;
				INFOPLIST_FILE = DemoGit/Info.plist;
				LD_RUNPATH_SEARCH_PATHS = (
					"$(inherited)",
					"@executable_path/Frameworks",
				);
				PRODUCT_BUNDLE_IDENTIFIER = com.bzy.DemoGit;
				PRODUCT_NAME = "$(TARGET_NAME)";
				SWIFT_VERSION = 4.0;
				TARGETED_DEVICE_FAMILY = "1,2";
			};
			name = Release;
		};
/* End XCBuildConfiguration section */

/* Begin XCConfigurationList section */
		454C586321216F2E008E2F2A /* Build configuration list for PBXProject "DemoGit" */ = {
			isa = XCConfigurationList;
			buildConfigurations = (
				454C587821216F30008E2F2A /* Debug */,
				454C587921216F30008E2F2A /* Release */,
			);
			defaultConfigurationIsVisible = 0;
			defaultConfigurationName = Release;
		};
		454C587A21216F30008E2F2A /* Build configuration list for PBXNativeTarget "DemoGit" */ = {
			isa = XCConfigurationList;
			buildConfigurations = (
				454C587B21216F30008E2F2A /* Debug */,
				454C587C21216F30008E2F2A /* Release */,
			);
			defaultConfigurationIsVisible = 0;
			defaultConfigurationName = Release;
		};
/* End XCConfigurationList section */
	};
	rootObject = 454C586021216F2E008E2F2A /* Project object */;
}
